
Microsoft Visual Studio Solution File, Format Version 12.00
# Visual Studio Version 16
VisualStudioVersion = 16.0.29728.190
MinimumVisualStudioVersion = 10.0.40219.1
Project("{9A19103F-16F7-4668-BE54-9A1E7A4F7556}") = "CoinWallet.Web", "CoinWallet\CoinWallet.Web.csproj", "{887A310F-B378-4F5E-9962-5B812EB7F724}"
EndProject
Project("{9A19103F-16F7-4668-BE54-9A1E7A4F7556}") = "CoinWallet.DomainModel", "CoinWallet.DomainModel\CoinWallet.DomainModel.csproj", "{A0D18CF4-D074-4864-866C-E5D80C218461}"
EndProject
Project("{9A19103F-16F7-4668-BE54-9A1E7A4F7556}") = "CoinWallet.DomainModel.Tests", "CoinWallet.DomainModel.Tests\CoinWallet.DomainModel.Tests.csproj", "{868BE729-CD75-40AE-81EE-9D2A97611E6E}"
EndProject
Project("{E53339B2-1760-4266-BCC7-CA923CBCF16C}") = "docker-compose", "docker-compose.dcproj", "{01FA8340-0C4E-4601-8485-CDA12D769400}"
EndProject
Global
	GlobalSection(SolutionConfigurationPlatforms) = preSolution
		Debug|Any CPU = Debug|Any CPU
		Release|Any CPU = Release|Any CPU
	EndGlobalSection
	GlobalSection(ProjectConfigurationPlatforms) = postSolution
		{887A310F-B378-4F5E-9962-5B812EB7F724}.Debug|Any CPU.ActiveCfg = Debug|Any CPU
		{887A310F-B378-4F5E-9962-5B812EB7F724}.Debug|Any CPU.Build.0 = Debug|Any CPU
		{887A310F-B378-4F5E-9962-5B812EB7F724}.Release|Any CPU.ActiveCfg = Release|Any CPU
		{887A310F-B378-4F5E-9962-5B812EB7F724}.Release|Any CPU.Build.0 = Release|Any CPU
		{A0D18CF4-D074-4864-866C-E5D80C218461}.Debug|Any CPU.ActiveCfg = Debug|Any CPU
		{A0D18CF4-D074-4864-866C-E5D80C218461}.Debug|Any CPU.Build.0 = Debug|Any CPU
		{A0D18CF4-D074-4864-866C-E5D80C218461}.Release|Any CPU.ActiveCfg = Release|Any CPU
		{A0D18CF4-D074-4864-866C-E5D80C218461}.Release|Any CPU.Build.0 = Release|Any CPU
		{868BE729-CD75-40AE-81EE-9D2A97611E6E}.Debug|Any CPU.ActiveCfg = Debug|Any CPU
		{868BE729-CD75-40AE-81EE-9D2A97611E6E}.Debug|Any CPU.Build.0 = Debug|Any CPU
		{868BE729-CD75-40AE-81EE-9D2A97611E6E}.Release|Any CPU.ActiveCfg = Release|Any CPU
		{868BE729-CD75-40AE-81EE-9D2A97611E6E}.Release|Any CPU.Build.0 = Release|Any CPU
		{01FA8340-0C4E-4601-8485-CDA12D769400}.Debug|Any CPU.ActiveCfg = Debug|Any CPU
		{01FA8340-0C4E-4601-8485-CDA12D769400}.Debug|Any CPU.Build.0 = Debug|Any CPU
		{01FA8340-0C4E-4601-8485-CDA12D769400}.Release|Any CPU.ActiveCfg = Release|Any CPU
		{01FA8340-0C4E-4601-8485-CDA12D769400}.Release|Any CPU.Build.0 = Release|Any CPU
	EndGlobalSection
	GlobalSection(SolutionProperties) = preSolution
		HideSolutionNode = FALSE
	EndGlobalSection
	GlobalSection(ExtensibilityGlobals) = postSolution
		SolutionGuid = {A76DAE18-02F2-4F3F-B8A1-8B7F27C386FD}
	EndGlobalSection
EndGlobal
